
Microsoft Visual Studio Solution File, Format Version 12.00
# Visual Studio Version 17
VisualStudioVersion = 17.5.2.0
MinimumVisualStudioVersion = 10.0.40219.1
Project("{FAE04EC0-301F-11D3-BF4B-00C04F79EFBC}") = "assignment1", "assignment1\assignment1.csproj", "{BE524526-1B65-A811-FA03-103EF66D958C}"
EndProject
Project("{FAE04EC0-301F-11D3-BF4B-00C04F79EFBC}") = "assignment2", "assignment2\assignment2.csproj", "{D680C486-C43D-8ED7-FB1F-8785C5E8498E}"
EndProject
Project("{FAE04EC0-301F-11D3-BF4B-00C04F79EFBC}") = "assignment3", "assignment3\assignment3.csproj", "{C0271F94-82FB-4188-A026-CA0639D33A3B}"
EndProject
Project("{FAE04EC0-301F-11D3-BF4B-00C04F79EFBC}") = "assignment4", "assignment4\assignment4.csproj", "{5D9F6D89-7D1F-4ADF-9CA6-9FD99426D06A}"
EndProject
Project("{FAE04EC0-301F-11D3-BF4B-00C04F79EFBC}") = "debug1", "debug1\debug1.csproj", "{7B48EC2C-640B-47E9-B7F6-95AD6E207338}"
EndProject
Project("{FAE04EC0-301F-11D3-BF4B-00C04F79EFBC}") = "debug2", "debug2\debug2.csproj", "{18143753-2C02-4D81-84A0-566DAB238264}"
EndProject
Project("{FAE04EC0-301F-11D3-BF4B-00C04F79EFBC}") = "debug3", "debug3\debug3.csproj", "{D927CC3D-C914-42D0-9274-2A2D00B97EBC}"
EndProject
Project("{FAE04EC0-301F-11D3-BF4B-00C04F79EFBC}") = "debug4", "debug4\debug4.csproj", "{F5BA3D35-4824-4F47-99BE-9CD0ED937D8E}"
EndProject
Global
	GlobalSection(SolutionConfigurationPlatforms) = preSolution
		Debug|Any CPU = Debug|Any CPU
		Release|Any CPU = Release|Any CPU
	EndGlobalSection
	GlobalSection(ProjectConfigurationPlatforms) = postSolution
		{BE524526-1B65-A811-FA03-103EF66D958C}.Debug|Any CPU.ActiveCfg = Debug|Any CPU
		{BE524526-1B65-A811-FA03-103EF66D958C}.Debug|Any CPU.Build.0 = Debug|Any CPU
		{BE524526-1B65-A811-FA03-103EF66D958C}.Release|Any CPU.ActiveCfg = Release|Any CPU
		{BE524526-1B65-A811-FA03-103EF66D958C}.Release|Any CPU.Build.0 = Release|Any CPU
		{D680C486-C43D-8ED7-FB1F-8785C5E8498E}.Debug|Any CPU.ActiveCfg = Debug|Any CPU
		{D680C486-C43D-8ED7-FB1F-8785C5E8498E}.Debug|Any CPU.Build.0 = Debug|Any CPU
		{D680C486-C43D-8ED7-FB1F-8785C5E8498E}.Release|Any CPU.ActiveCfg = Release|Any CPU
		{D680C486-C43D-8ED7-FB1F-8785C5E8498E}.Release|Any CPU.Build.0 = Release|Any CPU
		{C0271F94-82FB-4188-A026-CA0639D33A3B}.Debug|Any CPU.ActiveCfg = Debug|Any CPU
		{C0271F94-82FB-4188-A026-CA0639D33A3B}.Debug|Any CPU.Build.0 = Debug|Any CPU
		{C0271F94-82FB-4188-A026-CA0639D33A3B}.Release|Any CPU.ActiveCfg = Release|Any CPU
		{C0271F94-82FB-4188-A026-CA0639D33A3B}.Release|Any CPU.Build.0 = Release|Any CPU
		{5D9F6D89-7D1F-4ADF-9CA6-9FD99426D06A}.Debug|Any CPU.ActiveCfg = Debug|Any CPU
		{5D9F6D89-7D1F-4ADF-9CA6-9FD99426D06A}.Debug|Any CPU.Build.0 = Debug|Any CPU
		{5D9F6D89-7D1F-4ADF-9CA6-9FD99426D06A}.Release|Any CPU.ActiveCfg = Release|Any CPU
		{5D9F6D89-7D1F-4ADF-9CA6-9FD99426D06A}.Release|Any CPU.Build.0 = Release|Any CPU
		{7B48EC2C-640B-47E9-B7F6-95AD6E207338}.Debug|Any CPU.ActiveCfg = Debug|Any CPU
		{7B48EC2C-640B-47E9-B7F6-95AD6E207338}.Debug|Any CPU.Build.0 = Debug|Any CPU
		{7B48EC2C-640B-47E9-B7F6-95AD6E207338}.Release|Any CPU.ActiveCfg = Release|Any CPU
		{7B48EC2C-640B-47E9-B7F6-95AD6E207338}.Release|Any CPU.Build.0 = Release|Any CPU
		{18143753-2C02-4D81-84A0-566DAB238264}.Debug|Any CPU.ActiveCfg = Debug|Any CPU
		{18143753-2C02-4D81-84A0-566DAB238264}.Debug|Any CPU.Build.0 = Debug|Any CPU
		{18143753-2C02-4D81-84A0-566DAB238264}.Release|Any CPU.ActiveCfg = Release|Any CPU
		{18143753-2C02-4D81-84A0-566DAB238264}.Release|Any CPU.Build.0 = Release|Any CPU
		{D927CC3D-C914-42D0-9274-2A2D00B97EBC}.Debug|Any CPU.ActiveCfg = Debug|Any CPU
		{D927CC3D-C914-42D0-9274-2A2D00B97EBC}.Debug|Any CPU.Build.0 = Debug|Any CPU
		{D927CC3D-C914-42D0-9274-2A2D00B97EBC}.Release|Any CPU.ActiveCfg = Release|Any CPU
		{D927CC3D-C914-42D0-9274-2A2D00B97EBC}.Release|Any CPU.Build.0 = Release|Any CPU
		{F5BA3D35-4824-4F47-99BE-9CD0ED937D8E}.Debug|Any CPU.ActiveCfg = Debug|Any CPU
		{F5BA3D35-4824-4F47-99BE-9CD0ED937D8E}.Debug|Any CPU.Build.0 = Debug|Any CPU
		{F5BA3D35-4824-4F47-99BE-9CD0ED937D8E}.Release|Any CPU.ActiveCfg = Release|Any CPU
		{F5BA3D35-4824-4F47-99BE-9CD0ED937D8E}.Release|Any CPU.Build.0 = Release|Any CPU
	EndGlobalSection
	GlobalSection(SolutionProperties) = preSolution
		HideSolutionNode = FALSE
	EndGlobalSection
	GlobalSection(ExtensibilityGlobals) = postSolution
		SolutionGuid = {41D07960-4C63-40DC-AEE2-FC9C54B6175D}
	EndGlobalSection
EndGlobal
