Microsoft Visual Studio Solution File, Format Version 12.00
# Visual Studio Version 17
VisualStudioVersion = 17.5.2.0
MinimumVisualStudioVersion = 10.0.40219.1
Project("{2150E333-8FDC-42A3-9474-1A3956D46DE8}") = "chapter_1", "chapter_1", "{AAEFA482-50A5-0823-E072-242F49735087}"
EndProject
Project("{FAE04EC0-301F-11D3-BF4B-00C04F79EFBC}") = "assignment1", "chapter_1\assignment1\assignment1.csproj", "{22D48186-D557-8AE4-7121-37F4332A9B56}"
EndProject
Project("{FAE04EC0-301F-11D3-BF4B-00C04F79EFBC}") = "assignment2", "chapter_1\assignment2\assignment2.csproj", "{7E624303-D3A9-578A-2EB3-ECB92F35EE59}"
EndProject
Project("{FAE04EC0-301F-11D3-BF4B-00C04F79EFBC}") = "assignment3", "chapter_1\assignment3\assignment3.csproj", "{F2B870D4-BA4C-338B-9710-0D1AC89D3C9D}"
EndProject
Project("{FAE04EC0-301F-11D3-BF4B-00C04F79EFBC}") = "assignment4", "chapter_1\assignment4\assignment4.csproj", "{2E48BB01-33EE-AEA0-183D-EBC49B762CFA}"
EndProject
Project("{FAE04EC0-301F-11D3-BF4B-00C04F79EFBC}") = "debug1", "chapter_1\debug1\debug1.csproj", "{E2A30F9E-44A2-6D74-15EA-135DF6D48A14}"
EndProject
Project("{FAE04EC0-301F-11D3-BF4B-00C04F79EFBC}") = "debug2", "chapter_1\debug2\debug2.csproj", "{8732FC16-0DC9-8490-3BC9-6C40493D34EC}"
EndProject
Project("{FAE04EC0-301F-11D3-BF4B-00C04F79EFBC}") = "debug3", "chapter_1\debug3\debug3.csproj", "{49DDC595-3001-8CA5-364B-A66471142C74}"
EndProject
Project("{FAE04EC0-301F-11D3-BF4B-00C04F79EFBC}") = "debug4", "chapter_1\debug4\debug4.csproj", "{00C795F2-B233-8112-A1A0-1BAB40644600}"
EndProject
Global
	GlobalSection(SolutionConfigurationPlatforms) = preSolution
		Debug|Any CPU = Debug|Any CPU
		Release|Any CPU = Release|Any CPU
	EndGlobalSection
	GlobalSection(ProjectConfigurationPlatforms) = postSolution
		{22D48186-D557-8AE4-7121-37F4332A9B56}.Debug|Any CPU.ActiveCfg = Debug|Any CPU
		{22D48186-D557-8AE4-7121-37F4332A9B56}.Debug|Any CPU.Build.0 = Debug|Any CPU
		{22D48186-D557-8AE4-7121-37F4332A9B56}.Release|Any CPU.ActiveCfg = Release|Any CPU
		{22D48186-D557-8AE4-7121-37F4332A9B56}.Release|Any CPU.Build.0 = Release|Any CPU
		{7E624303-D3A9-578A-2EB3-ECB92F35EE59}.Debug|Any CPU.ActiveCfg = Debug|Any CPU
		{7E624303-D3A9-578A-2EB3-ECB92F35EE59}.Debug|Any CPU.Build.0 = Debug|Any CPU
		{7E624303-D3A9-578A-2EB3-ECB92F35EE59}.Release|Any CPU.ActiveCfg = Release|Any CPU
		{7E624303-D3A9-578A-2EB3-ECB92F35EE59}.Release|Any CPU.Build.0 = Release|Any CPU
		{F2B870D4-BA4C-338B-9710-0D1AC89D3C9D}.Debug|Any CPU.ActiveCfg = Debug|Any CPU
		{F2B870D4-BA4C-338B-9710-0D1AC89D3C9D}.Debug|Any CPU.Build.0 = Debug|Any CPU
		{F2B870D4-BA4C-338B-9710-0D1AC89D3C9D}.Release|Any CPU.ActiveCfg = Release|Any CPU
		{F2B870D4-BA4C-338B-9710-0D1AC89D3C9D}.Release|Any CPU.Build.0 = Release|Any CPU
		{2E48BB01-33EE-AEA0-183D-EBC49B762CFA}.Debug|Any CPU.ActiveCfg = Debug|Any CPU
		{2E48BB01-33EE-AEA0-183D-EBC49B762CFA}.Debug|Any CPU.Build.0 = Debug|Any CPU
		{2E48BB01-33EE-AEA0-183D-EBC49B762CFA}.Release|Any CPU.ActiveCfg = Release|Any CPU
		{2E48BB01-33EE-AEA0-183D-EBC49B762CFA}.Release|Any CPU.Build.0 = Release|Any CPU
		{E2A30F9E-44A2-6D74-15EA-135DF6D48A14}.Debug|Any CPU.ActiveCfg = Debug|Any CPU
		{E2A30F9E-44A2-6D74-15EA-135DF6D48A14}.Debug|Any CPU.Build.0 = Debug|Any CPU
		{E2A30F9E-44A2-6D74-15EA-135DF6D48A14}.Release|Any CPU.ActiveCfg = Release|Any CPU
		{E2A30F9E-44A2-6D74-15EA-135DF6D48A14}.Release|Any CPU.Build.0 = Release|Any CPU
		{8732FC16-0DC9-8490-3BC9-6C40493D34EC}.Debug|Any CPU.ActiveCfg = Debug|Any CPU
		{8732FC16-0DC9-8490-3BC9-6C40493D34EC}.Debug|Any CPU.Build.0 = Debug|Any CPU
		{8732FC16-0DC9-8490-3BC9-6C40493D34EC}.Release|Any CPU.ActiveCfg = Release|Any CPU
		{8732FC16-0DC9-8490-3BC9-6C40493D34EC}.Release|Any CPU.Build.0 = Release|Any CPU
		{49DDC595-3001-8CA5-364B-A66471142C74}.Debug|Any CPU.ActiveCfg = Debug|Any CPU
		{49DDC595-3001-8CA5-364B-A66471142C74}.Debug|Any CPU.Build.0 = Debug|Any CPU
		{49DDC595-3001-8CA5-364B-A66471142C74}.Release|Any CPU.ActiveCfg = Release|Any CPU
		{49DDC595-3001-8CA5-364B-A66471142C74}.Release|Any CPU.Build.0 = Release|Any CPU
		{00C795F2-B233-8112-A1A0-1BAB40644600}.Debug|Any CPU.ActiveCfg = Debug|Any CPU
		{00C795F2-B233-8112-A1A0-1BAB40644600}.Debug|Any CPU.Build.0 = Debug|Any CPU
		{00C795F2-B233-8112-A1A0-1BAB40644600}.Release|Any CPU.ActiveCfg = Release|Any CPU
		{00C795F2-B233-8112-A1A0-1BAB40644600}.Release|Any CPU.Build.0 = Release|Any CPU
	EndGlobalSection
	GlobalSection(SolutionProperties) = preSolution
		HideSolutionNode = FALSE
	EndGlobalSection
	GlobalSection(NestedProjects) = preSolution
		{22D48186-D557-8AE4-7121-37F4332A9B56} = {AAEFA482-50A5-0823-E072-242F49735087}
		{7E624303-D3A9-578A-2EB3-ECB92F35EE59} = {AAEFA482-50A5-0823-E072-242F49735087}
		{F2B870D4-BA4C-338B-9710-0D1AC89D3C9D} = {AAEFA482-50A5-0823-E072-242F49735087}
		{2E48BB01-33EE-AEA0-183D-EBC49B762CFA} = {AAEFA482-50A5-0823-E072-242F49735087}
		{E2A30F9E-44A2-6D74-15EA-135DF6D48A14} = {AAEFA482-50A5-0823-E072-242F49735087}
		{8732FC16-0DC9-8490-3BC9-6C40493D34EC} = {AAEFA482-50A5-0823-E072-242F49735087}
		{49DDC595-3001-8CA5-364B-A66471142C74} = {AAEFA482-50A5-0823-E072-242F49735087}
		{00C795F2-B233-8112-A1A0-1BAB40644600} = {AAEFA482-50A5-0823-E072-242F49735087}
	EndGlobalSection
	GlobalSection(ExtensibilityGlobals) = postSolution
		SolutionGuid = {71EB4EDD-CC1B-48F2-84D6-0AD763552D26}
	EndGlobalSection
EndGlobal
